github.com/asaskevich/EventBus v0.0.0-20180315140547-d46933a94f05 h1:Shem5lRG4gJyrrg9YMIl7dOQazyWCq0Daz4LjompZ28=
github.com/asaskevich/EventBus v0.0.0-20180315140547-d46933a94f05/go.mod h1:JS7hed4L1fj0hXcyEejnW57/7LCetXggd+vwrRnYeII=
github.com/codegangsta/inject v0.0.0-20150114235600-33e0aa1cb7c0 h1:sDMmm+q/3+BukdIpxwO365v/Rbspp2Nt5XntgQRXq8Q=
github.com/codegangsta/inject v0.0.0-20150114235600-33e0aa1cb7c0/go.mod h1:4Zcjuz89kmFXt9morQgcfYZAYZ5n8WHjt81YYWIwtTM=
github.com/codeskyblue/go-sh v0.0.0-20190412065543-76bd3d59ff27 h1:HHUr4P/aKh4quafGxDT9LDasjGdlGkzLbfmmrlng3kA=
github.com/codeskyblue/go-sh v0.0.0-20190412065543-76bd3d59ff27/go.mod h1:VQx0hjo2oUeQkQUET7wRwradO6f+fN5jzXgB/zROxxE=
github.com/swift9/ares-event v0.0.1 h1:9h+LJMi91T4tMRaz2zb2xmt+tRSq7+8M+It6CUVw7mY=
github.com/swift9/ares-event v0.0.1/go.mod h1:CnPOYe56bJKuv2D27fIO6kpyiLIT80tNY5hpn9R2HYQ=
github.com/swift9/ares-sdk v0.0.9 h1:G+WXkfUjlmzbCt0aRgAlNz/Pd5ceAzsFBgE0GC0Xz08=
github.com/swift9/ares-sdk v0.0.9/go.mod h1:r7tbT9+fZryRX0JqoDtd6cyFwCoz/+sVmQ6eEfANZIA=
